
Microsoft Visual Studio Solution File, Format Version 12.00
# Visual Studio Version 17
VisualStudioVersion = 17.1.32228.430
MinimumVisualStudioVersion = 10.0.40219.1
Project("{FAE04EC0-301F-11D3-BF4B-00C04F79EFBC}") = "GameMain", "GameMain\GameMain.csproj", "{C8F93CC8-AF0C-4D22-86F2-7EB24C115779}"
EndProject
Project("{2150E333-8FDC-42A3-9474-1A3956D46DE8}") = "Item", "Item", "{9A6D092C-63B8-4E9A-9EBF-A95D20197EB0}"
	ProjectSection(SolutionItems) = preProject
		README.md = README.md
	EndProjectSection
EndProject
Global
	GlobalSection(SolutionConfigurationPlatforms) = preSolution
		Debug|Any CPU = Debug|Any CPU
		Release|Any CPU = Release|Any CPU
	EndGlobalSection
	GlobalSection(ProjectConfigurationPlatforms) = postSolution
		{C8F93CC8-AF0C-4D22-86F2-7EB24C115779}.Debug|Any CPU.ActiveCfg = Debug|Any CPU
		{C8F93CC8-AF0C-4D22-86F2-7EB24C115779}.Debug|Any CPU.Build.0 = Debug|Any CPU
		{C8F93CC8-AF0C-4D22-86F2-7EB24C115779}.Release|Any CPU.ActiveCfg = Release|Any CPU
		{C8F93CC8-AF0C-4D22-86F2-7EB24C115779}.Release|Any CPU.Build.0 = Release|Any CPU
	EndGlobalSection
	GlobalSection(SolutionProperties) = preSolution
		HideSolutionNode = FALSE
	EndGlobalSection
	GlobalSection(ExtensibilityGlobals) = postSolution
		SolutionGuid = {D01FA375-B39D-479E-9A47-C62597EE2023}
	EndGlobalSection
EndGlobal
